// !$*UTF8*$!
{
	archiveVersion = 1;
	classes = {
	};
	objectVersion = 56;
	objects = {

/* Begin PBXBuildFile section */
		7809BA042CCF859000D089BF /* App1036App.swift in Sources */ = {isa = PBXBuildFile; fileRef = 7809BA032CCF859000D089BF /* App1036App.swift */; };
		7809BA062CCF859000D089BF /* ContentView.swift in Sources */ = {isa = PBXBuildFile; fileRef = 7809BA052CCF859000D089BF /* ContentView.swift */; };
		7809BA082CCF859200D089BF /* Assets.xcassets in Resources */ = {isa = PBXBuildFile; fileRef = 7809BA072CCF859200D089BF /* Assets.xcassets */; };
		7809BA0C2CCF859200D089BF /* Preview Assets.xcassets in Resources */ = {isa = PBXBuildFile; fileRef = 7809BA0B2CCF859200D089BF /* Preview Assets.xcassets */; };
		7809BA1D2CCFA55B00D089BF /* Launch Screen.storyboard in Resources */ = {isa = PBXBuildFile; fileRef = 7809BA1C2CCFA55B00D089BF /* Launch Screen.storyboard */; };
		7809BA1F2CCFA56400D089BF /* LoadingView.swift in Sources */ = {isa = PBXBuildFile; fileRef = 7809BA1E2CCFA56400D089BF /* LoadingView.swift */; };
		7809BA212CCFA56800D089BF /* R1.swift in Sources */ = {isa = PBXBuildFile; fileRef = 7809BA202CCFA56800D089BF /* R1.swift */; };
		7809BA232CCFA56E00D089BF /* R2.swift in Sources */ = {isa = PBXBuildFile; fileRef = 7809BA222CCFA56E00D089BF /* R2.swift */; };
		7809BA252CCFA57300D089BF /* R3.swift in Sources */ = {isa = PBXBuildFile; fileRef = 7809BA242CCFA57300D089BF /* R3.swift */; };
		7809BA272CCFA57B00D089BF /* UOB.swift in Sources */ = {isa = PBXBuildFile; fileRef = 7809BA262CCFA57B00D089BF /* UOB.swift */; };
		7809BA292CCFA58200D089BF /* Reviews.swift in Sources */ = {isa = PBXBuildFile; fileRef = 7809BA282CCFA58200D089BF /* Reviews.swift */; };
		7809BA2B2CCFA58700D089BF /* Notif.swift in Sources */ = {isa = PBXBuildFile; fileRef = 7809BA2A2CCFA58700D089BF /* Notif.swift */; };
		7809BA2D2CCFA58D00D089BF /* TabBar.swift in Sources */ = {isa = PBXBuildFile; fileRef = 7809BA2C2CCFA58D00D089BF /* TabBar.swift */; };
		7809BA2F2CCFA59500D089BF /* CoreDataStack.swift in Sources */ = {isa = PBXBuildFile; fileRef = 7809BA2E2CCFA59500D089BF /* CoreDataStack.swift */; };
		7809BA312CCFA59B00D089BF /* Array.swift in Sources */ = {isa = PBXBuildFile; fileRef = 7809BA302CCFA59B00D089BF /* Array.swift */; };
		7809BA372CCFA5D300D089BF /* PlanningView.swift in Sources */ = {isa = PBXBuildFile; fileRef = 7809BA362CCFA5D300D089BF /* PlanningView.swift */; };
		7809BA392CCFA5DA00D089BF /* RecipesView.swift in Sources */ = {isa = PBXBuildFile; fileRef = 7809BA382CCFA5DA00D089BF /* RecipesView.swift */; };
		7809BA3B2CCFA5E100D089BF /* SettingsView.swift in Sources */ = {isa = PBXBuildFile; fileRef = 7809BA3A2CCFA5E100D089BF /* SettingsView.swift */; };
		7809BA3D2CCFA8D300D089BF /* PlanningViewModel.swift in Sources */ = {isa = PBXBuildFile; fileRef = 7809BA3C2CCFA8D300D089BF /* PlanningViewModel.swift */; };
		7809BA402CCFA8DC00D089BF /* CoreModel.xcdatamodeld in Sources */ = {isa = PBXBuildFile; fileRef = 7809BA3E2CCFA8DC00D089BF /* CoreModel.xcdatamodeld */; };
		7809BA432CCFC0CF00D089BF /* AddPlan.swift in Sources */ = {isa = PBXBuildFile; fileRef = 7809BA422CCFC0CF00D089BF /* AddPlan.swift */; };
		7809BA462CCFCF7100D089BF /* PlanDetail.swift in Sources */ = {isa = PBXBuildFile; fileRef = 7809BA452CCFCF7100D089BF /* PlanDetail.swift */; };
		7809BA482CCFD93100D089BF /* RecipesViewModel.swift in Sources */ = {isa = PBXBuildFile; fileRef = 7809BA472CCFD93100D089BF /* RecipesViewModel.swift */; };
		7809BA4B2CCFE00500D089BF /* AddRec.swift in Sources */ = {isa = PBXBuildFile; fileRef = 7809BA4A2CCFE00500D089BF /* AddRec.swift */; };
		7809BA4E2CCFE2EE00D089BF /* RecDetail.swift in Sources */ = {isa = PBXBuildFile; fileRef = 7809BA4D2CCFE2EE00D089BF /* RecDetail.swift */; };
		7809BA532CCFE68100D089BF /* ShoppingsView.swift in Sources */ = {isa = PBXBuildFile; fileRef = 7809BA522CCFE68100D089BF /* ShoppingsView.swift */; };
		78CD1D072CDD03B800F79FCC /* Sam.swift in Sources */ = {isa = PBXBuildFile; fileRef = 78CD1D062CDD03B800F79FCC /* Sam.swift */; };
		78CD1D092CDD03C200F79FCC /* Dioh.swift in Sources */ = {isa = PBXBuildFile; fileRef = 78CD1D082CDD03C200F79FCC /* Dioh.swift */; };
		78CD1D0B2CDD03CB00F79FCC /* Waio.swift in Sources */ = {isa = PBXBuildFile; fileRef = 78CD1D0A2CDD03CB00F79FCC /* Waio.swift */; };
		78CD1D0E2CDD089100F79FCC /* EventView.swift in Sources */ = {isa = PBXBuildFile; fileRef = 78CD1D0D2CDD089100F79FCC /* EventView.swift */; };
/* End PBXBuildFile section */

/* Begin PBXFileReference section */
		7809BA002CCF859000D089BF /* App1036.app */ = {isa = PBXFileReference; explicitFileType = wrapper.application; includeInIndex = 0; path = App1036.app; sourceTree = BUILT_PRODUCTS_DIR; };
		7809BA032CCF859000D089BF /* App1036App.swift */ = {isa = PBXFileReference; lastKnownFileType = sourcecode.swift; path = App1036App.swift; sourceTree = "<group>"; };
		7809BA052CCF859000D089BF /* ContentView.swift */ = {isa = PBXFileReference; lastKnownFileType = sourcecode.swift; path = ContentView.swift; sourceTree = "<group>"; };
		7809BA072CCF859200D089BF /* Assets.xcassets */ = {isa = PBXFileReference; lastKnownFileType = folder.assetcatalog; path = Assets.xcassets; sourceTree = "<group>"; };
		7809BA092CCF859200D089BF /* App1036.entitlements */ = {isa = PBXFileReference; lastKnownFileType = text.plist.entitlements; path = App1036.entitlements; sourceTree = "<group>"; };
		7809BA0B2CCF859200D089BF /* Preview Assets.xcassets */ = {isa = PBXFileReference; lastKnownFileType = folder.assetcatalog; path = "Preview Assets.xcassets"; sourceTree = "<group>"; };
		7809BA1C2CCFA55B00D089BF /* Launch Screen.storyboard */ = {isa = PBXFileReference; lastKnownFileType = file.storyboard; path = "Launch Screen.storyboard"; sourceTree = "<group>"; };
		7809BA1E2CCFA56400D089BF /* LoadingView.swift */ = {isa = PBXFileReference; lastKnownFileType = sourcecode.swift; path = LoadingView.swift; sourceTree = "<group>"; };
		7809BA202CCFA56800D089BF /* R1.swift */ = {isa = PBXFileReference; lastKnownFileType = sourcecode.swift; path = R1.swift; sourceTree = "<group>"; };
		7809BA222CCFA56E00D089BF /* R2.swift */ = {isa = PBXFileReference; lastKnownFileType = sourcecode.swift; path = R2.swift; sourceTree = "<group>"; };
		7809BA242CCFA57300D089BF /* R3.swift */ = {isa = PBXFileReference; lastKnownFileType = sourcecode.swift; path = R3.swift; sourceTree = "<group>"; };
		7809BA262CCFA57B00D089BF /* UOB.swift */ = {isa = PBXFileReference; lastKnownFileType = sourcecode.swift; path = UOB.swift; sourceTree = "<group>"; };
		7809BA282CCFA58200D089BF /* Reviews.swift */ = {isa = PBXFileReference; lastKnownFileType = sourcecode.swift; path = Reviews.swift; sourceTree = "<group>"; };
		7809BA2A2CCFA58700D089BF /* Notif.swift */ = {isa = PBXFileReference; lastKnownFileType = sourcecode.swift; path = Notif.swift; sourceTree = "<group>"; };
		7809BA2C2CCFA58D00D089BF /* TabBar.swift */ = {isa = PBXFileReference; lastKnownFileType = sourcecode.swift; path = TabBar.swift; sourceTree = "<group>"; };
		7809BA2E2CCFA59500D089BF /* CoreDataStack.swift */ = {isa = PBXFileReference; lastKnownFileType = sourcecode.swift; path = CoreDataStack.swift; sourceTree = "<group>"; };
		7809BA302CCFA59B00D089BF /* Array.swift */ = {isa = PBXFileReference; lastKnownFileType = sourcecode.swift; path = Array.swift; sourceTree = "<group>"; };
		7809BA362CCFA5D300D089BF /* PlanningView.swift */ = {isa = PBXFileReference; lastKnownFileType = sourcecode.swift; path = PlanningView.swift; sourceTree = "<group>"; };
		7809BA382CCFA5DA00D089BF /* RecipesView.swift */ = {isa = PBXFileReference; lastKnownFileType = sourcecode.swift; path = RecipesView.swift; sourceTree = "<group>"; };
		7809BA3A2CCFA5E100D089BF /* SettingsView.swift */ = {isa = PBXFileReference; lastKnownFileType = sourcecode.swift; path = SettingsView.swift; sourceTree = "<group>"; };
		7809BA3C2CCFA8D300D089BF /* PlanningViewModel.swift */ = {isa = PBXFileReference; lastKnownFileType = sourcecode.swift; path = PlanningViewModel.swift; sourceTree = "<group>"; };
		7809BA3F2CCFA8DC00D089BF /* CoreModel.xcdatamodel */ = {isa = PBXFileReference; lastKnownFileType = wrapper.xcdatamodel; path = CoreModel.xcdatamodel; sourceTree = "<group>"; };
		7809BA422CCFC0CF00D089BF /* AddPlan.swift */ = {isa = PBXFileReference; lastKnownFileType = sourcecode.swift; path = AddPlan.swift; sourceTree = "<group>"; };
		7809BA452CCFCF7100D089BF /* PlanDetail.swift */ = {isa = PBXFileReference; lastKnownFileType = sourcecode.swift; path = PlanDetail.swift; sourceTree = "<group>"; };
		7809BA472CCFD93100D089BF /* RecipesViewModel.swift */ = {isa = PBXFileReference; lastKnownFileType = sourcecode.swift; path = RecipesViewModel.swift; sourceTree = "<group>"; };
		7809BA4A2CCFE00500D089BF /* AddRec.swift */ = {isa = PBXFileReference; lastKnownFileType = sourcecode.swift; path = AddRec.swift; sourceTree = "<group>"; };
		7809BA4D2CCFE2EE00D089BF /* RecDetail.swift */ = {isa = PBXFileReference; lastKnownFileType = sourcecode.swift; path = RecDetail.swift; sourceTree = "<group>"; };
		7809BA522CCFE68100D089BF /* ShoppingsView.swift */ = {isa = PBXFileReference; lastKnownFileType = sourcecode.swift; path = ShoppingsView.swift; sourceTree = "<group>"; };
		78CD1D062CDD03B800F79FCC /* Sam.swift */ = {isa = PBXFileReference; lastKnownFileType = sourcecode.swift; path = Sam.swift; sourceTree = "<group>"; };
		78CD1D082CDD03C200F79FCC /* Dioh.swift */ = {isa = PBXFileReference; lastKnownFileType = sourcecode.swift; path = Dioh.swift; sourceTree = "<group>"; };
		78CD1D0A2CDD03CB00F79FCC /* Waio.swift */ = {isa = PBXFileReference; lastKnownFileType = sourcecode.swift; path = Waio.swift; sourceTree = "<group>"; };
		78CD1D0D2CDD089100F79FCC /* EventView.swift */ = {isa = PBXFileReference; lastKnownFileType = sourcecode.swift; path = EventView.swift; sourceTree = "<group>"; };
/* End PBXFileReference section */

/* Begin PBXFrameworksBuildPhase section */
		7809B9FD2CCF859000D089BF /* Frameworks */ = {
			isa = PBXFrameworksBuildPhase;
			buildActionMask = 2147483647;
			files = (
			);
			runOnlyForDeploymentPostprocessing = 0;
		};
/* End PBXFrameworksBuildPhase section */

/* Begin PBXGroup section */
		7809B9F72CCF859000D089BF = {
			isa = PBXGroup;
			children = (
				7809BA022CCF859000D089BF /* App1036 */,
				7809BA012CCF859000D089BF /* Products */,
			);
			sourceTree = "<group>";
		};
		7809BA012CCF859000D089BF /* Products */ = {
			isa = PBXGroup;
			children = (
				7809BA002CCF859000D089BF /* App1036.app */,
			);
			name = Products;
			sourceTree = "<group>";
		};
		7809BA022CCF859000D089BF /* App1036 */ = {
			isa = PBXGroup;
			children = (
				7809BA122CCF85A500D089BF /* All */,
				7809BA032CCF859000D089BF /* App1036App.swift */,
				7809BA052CCF859000D089BF /* ContentView.swift */,
				7809BA072CCF859200D089BF /* Assets.xcassets */,
				7809BA092CCF859200D089BF /* App1036.entitlements */,
				7809BA0A2CCF859200D089BF /* Preview Content */,
			);
			path = App1036;
			sourceTree = "<group>";
		};
		7809BA0A2CCF859200D089BF /* Preview Content */ = {
			isa = PBXGroup;
			children = (
				7809BA0B2CCF859200D089BF /* Preview Assets.xcassets */,
			);
			path = "Preview Content";
			sourceTree = "<group>";
		};
		7809BA122CCF85A500D089BF /* All */ = {
			isa = PBXGroup;
			children = (
				7809BA162CCF85C000D089BF /* Views */,
				7809BA152CCF85B800D089BF /* Extensions */,
				7809BA142CCF85B300D089BF /* TabBar */,
				7809BA132CCF85AA00D089BF /* OB */,
			);
			path = All;
			sourceTree = "<group>";
		};
		7809BA132CCF85AA00D089BF /* OB */ = {
			isa = PBXGroup;
			children = (
				7809BA1A2CCF85DA00D089BF /* ROB */,
				7809BA192CCF85D500D089BF /* UOB */,
				7809BA182CCF85CB00D089BF /* Loading */,
				7809BA172CCF85C400D089BF /* Launch */,
			);
			path = OB;
			sourceTree = "<group>";
		};
		7809BA142CCF85B300D089BF /* TabBar */ = {
			isa = PBXGroup;
			children = (
				7809BA2C2CCFA58D00D089BF /* TabBar.swift */,
			);
			path = TabBar;
			sourceTree = "<group>";
		};
		7809BA152CCF85B800D089BF /* Extensions */ = {
			isa = PBXGroup;
			children = (
				7809BA2E2CCFA59500D089BF /* CoreDataStack.swift */,
				7809BA302CCFA59B00D089BF /* Array.swift */,
				7809BA3E2CCFA8DC00D089BF /* CoreModel.xcdatamodeld */,
				78CD1D062CDD03B800F79FCC /* Sam.swift */,
				78CD1D082CDD03C200F79FCC /* Dioh.swift */,
				78CD1D0A2CDD03CB00F79FCC /* Waio.swift */,
			);
			path = Extensions;
			sourceTree = "<group>";
		};
		7809BA162CCF85C000D089BF /* Views */ = {
			isa = PBXGroup;
			children = (
				7809BA4F2CCFE66F00D089BF /* Shoppings */,
				7809BA352CCFA5C900D089BF /* Planning */,
				7809BA322CCFA5B900D089BF /* Recipes */,
				7809BA1B2CCF860400D089BF /* Settings */,
			);
			path = Views;
			sourceTree = "<group>";
		};
		7809BA172CCF85C400D089BF /* Launch */ = {
			isa = PBXGroup;
			children = (
				7809BA1C2CCFA55B00D089BF /* Launch Screen.storyboard */,
			);
			path = Launch;
			sourceTree = "<group>";
		};
		7809BA182CCF85CB00D089BF /* Loading */ = {
			isa = PBXGroup;
			children = (
				7809BA1E2CCFA56400D089BF /* LoadingView.swift */,
			);
			path = Loading;
			sourceTree = "<group>";
		};
		7809BA192CCF85D500D089BF /* UOB */ = {
			isa = PBXGroup;
			children = (
				7809BA262CCFA57B00D089BF /* UOB.swift */,
				7809BA282CCFA58200D089BF /* Reviews.swift */,
				7809BA2A2CCFA58700D089BF /* Notif.swift */,
			);
			path = UOB;
			sourceTree = "<group>";
		};
		7809BA1A2CCF85DA00D089BF /* ROB */ = {
			isa = PBXGroup;
			children = (
				7809BA202CCFA56800D089BF /* R1.swift */,
				7809BA222CCFA56E00D089BF /* R2.swift */,
				7809BA242CCFA57300D089BF /* R3.swift */,
			);
			path = ROB;
			sourceTree = "<group>";
		};
		7809BA1B2CCF860400D089BF /* Settings */ = {
			isa = PBXGroup;
			children = (
				7809BA3A2CCFA5E100D089BF /* SettingsView.swift */,
			);
			path = Settings;
			sourceTree = "<group>";
		};
		7809BA322CCFA5B900D089BF /* Recipes */ = {
			isa = PBXGroup;
			children = (
				78CD1D0C2CDD088800F79FCC /* Event */,
				7809BA4C2CCFE2E500D089BF /* RecDetail */,
				7809BA492CCFDFFB00D089BF /* AddRec */,
				7809BA382CCFA5DA00D089BF /* RecipesView.swift */,
				7809BA472CCFD93100D089BF /* RecipesViewModel.swift */,
			);
			path = Recipes;
			sourceTree = "<group>";
		};
		7809BA352CCFA5C900D089BF /* Planning */ = {
			isa = PBXGroup;
			children = (
				7809BA442CCFCF5E00D089BF /* PlanDetaila */,
				7809BA412CCFC0C200D089BF /* AddPlan */,
				7809BA362CCFA5D300D089BF /* PlanningView.swift */,
				7809BA3C2CCFA8D300D089BF /* PlanningViewModel.swift */,
			);
			path = Planning;
			sourceTree = "<group>";
		};
		7809BA412CCFC0C200D089BF /* AddPlan */ = {
			isa = PBXGroup;
			children = (
				7809BA422CCFC0CF00D089BF /* AddPlan.swift */,
			);
			path = AddPlan;
			sourceTree = "<group>";
		};
		7809BA442CCFCF5E00D089BF /* PlanDetaila */ = {
			isa = PBXGroup;
			children = (
				7809BA452CCFCF7100D089BF /* PlanDetail.swift */,
			);
			path = PlanDetaila;
			sourceTree = "<group>";
		};
		7809BA492CCFDFFB00D089BF /* AddRec */ = {
			isa = PBXGroup;
			children = (
				7809BA4A2CCFE00500D089BF /* AddRec.swift */,
			);
			path = AddRec;
			sourceTree = "<group>";
		};
		7809BA4C2CCFE2E500D089BF /* RecDetail */ = {
			isa = PBXGroup;
			children = (
				7809BA4D2CCFE2EE00D089BF /* RecDetail.swift */,
			);
			path = RecDetail;
			sourceTree = "<group>";
		};
		7809BA4F2CCFE66F00D089BF /* Shoppings */ = {
			isa = PBXGroup;
			children = (
				7809BA522CCFE68100D089BF /* ShoppingsView.swift */,
			);
			path = Shoppings;
			sourceTree = "<group>";
		};
		78CD1D0C2CDD088800F79FCC /* Event */ = {
			isa = PBXGroup;
			children = (
				78CD1D0D2CDD089100F79FCC /* EventView.swift */,
			);
			path = Event;
			sourceTree = "<group>";
		};
/* End PBXGroup section */

/* Begin PBXNativeTarget section */
		7809B9FF2CCF859000D089BF /* App1036 */ = {
			isa = PBXNativeTarget;
			buildConfigurationList = 7809BA0F2CCF859200D089BF /* Build configuration list for PBXNativeTarget "App1036" */;
			buildPhases = (
				7809B9FC2CCF859000D089BF /* Sources */,
				7809B9FD2CCF859000D089BF /* Frameworks */,
				7809B9FE2CCF859000D089BF /* Resources */,
			);
			buildRules = (
			);
			dependencies = (
			);
			name = App1036;
			productName = App1036;
			productReference = 7809BA002CCF859000D089BF /* App1036.app */;
			productType = "com.apple.product-type.application";
		};
/* End PBXNativeTarget section */

/* Begin PBXProject section */
		7809B9F82CCF859000D089BF /* Project object */ = {
			isa = PBXProject;
			attributes = {
				BuildIndependentTargetsInParallel = 1;
				LastSwiftUpdateCheck = 1540;
				LastUpgradeCheck = 1540;
				TargetAttributes = {
					7809B9FF2CCF859000D089BF = {
						CreatedOnToolsVersion = 15.4;
					};
				};
			};
			buildConfigurationList = 7809B9FB2CCF859000D089BF /* Build configuration list for PBXProject "App1036" */;
			compatibilityVersion = "Xcode 14.0";
			developmentRegion = en;
			hasScannedForEncodings = 0;
			knownRegions = (
				en,
				Base,
			);
			mainGroup = 7809B9F72CCF859000D089BF;
			productRefGroup = 7809BA012CCF859000D089BF /* Products */;
			projectDirPath = "";
			projectRoot = "";
			targets = (
				7809B9FF2CCF859000D089BF /* App1036 */,
			);
		};
/* End PBXProject section */

/* Begin PBXResourcesBuildPhase section */
		7809B9FE2CCF859000D089BF /* Resources */ = {
			isa = PBXResourcesBuildPhase;
			buildActionMask = 2147483647;
			files = (
				7809BA1D2CCFA55B00D089BF /* Launch Screen.storyboard in Resources */,
				7809BA0C2CCF859200D089BF /* Preview Assets.xcassets in Resources */,
				7809BA082CCF859200D089BF /* Assets.xcassets in Resources */,
			);
			runOnlyForDeploymentPostprocessing = 0;
		};
/* End PBXResourcesBuildPhase section */

/* Begin PBXSourcesBuildPhase section */
		7809B9FC2CCF859000D089BF /* Sources */ = {
			isa = PBXSourcesBuildPhase;
			buildActionMask = 2147483647;
			files = (
				7809BA3B2CCFA5E100D089BF /* SettingsView.swift in Sources */,
				78CD1D092CDD03C200F79FCC /* Dioh.swift in Sources */,
				7809BA062CCF859000D089BF /* ContentView.swift in Sources */,
				7809BA042CCF859000D089BF /* App1036App.swift in Sources */,
				7809BA252CCFA57300D089BF /* R3.swift in Sources */,
				7809BA212CCFA56800D089BF /* R1.swift in Sources */,
				7809BA3D2CCFA8D300D089BF /* PlanningViewModel.swift in Sources */,
				7809BA272CCFA57B00D089BF /* UOB.swift in Sources */,
				7809BA372CCFA5D300D089BF /* PlanningView.swift in Sources */,
				7809BA462CCFCF7100D089BF /* PlanDetail.swift in Sources */,
				7809BA392CCFA5DA00D089BF /* RecipesView.swift in Sources */,
				7809BA292CCFA58200D089BF /* Reviews.swift in Sources */,
				7809BA2F2CCFA59500D089BF /* CoreDataStack.swift in Sources */,
				78CD1D0B2CDD03CB00F79FCC /* Waio.swift in Sources */,
				7809BA482CCFD93100D089BF /* RecipesViewModel.swift in Sources */,
				7809BA232CCFA56E00D089BF /* R2.swift in Sources */,
				7809BA402CCFA8DC00D089BF /* CoreModel.xcdatamodeld in Sources */,
				7809BA4B2CCFE00500D089BF /* AddRec.swift in Sources */,
				7809BA1F2CCFA56400D089BF /* LoadingView.swift in Sources */,
				7809BA432CCFC0CF00D089BF /* AddPlan.swift in Sources */,
				7809BA312CCFA59B00D089BF /* Array.swift in Sources */,
				78CD1D0E2CDD089100F79FCC /* EventView.swift in Sources */,
				7809BA4E2CCFE2EE00D089BF /* RecDetail.swift in Sources */,
				7809BA2B2CCFA58700D089BF /* Notif.swift in Sources */,
				78CD1D072CDD03B800F79FCC /* Sam.swift in Sources */,
				7809BA532CCFE68100D089BF /* ShoppingsView.swift in Sources */,
				7809BA2D2CCFA58D00D089BF /* TabBar.swift in Sources */,
			);
			runOnlyForDeploymentPostprocessing = 0;
		};
/* End PBXSourcesBuildPhase section */

/* Begin XCBuildConfiguration section */
		7809BA0D2CCF859200D089BF /* Debug */ = {
			isa = XCBuildConfiguration;
			buildSettings = {
				ALWAYS_SEARCH_USER_PATHS = NO;
				ASSETCATALOG_COMPILER_GENERATE_SWIFT_ASSET_SYMBOL_EXTENSIONS = YES;
				CLANG_ANALYZER_NONNULL = YES;
				CLANG_ANALYZER_NUMBER_OBJECT_CONVERSION = YES_AGGRESSIVE;
				CLANG_CXX_LANGUAGE_STANDARD = "gnu++20";
				CLANG_ENABLE_MODULES = YES;
				CLANG_ENABLE_OBJC_ARC = YES;
				CLANG_ENABLE_OBJC_WEAK = YES;
				CLANG_WARN_BLOCK_CAPTURE_AUTORELEASING = YES;
				CLANG_WARN_BOOL_CONVERSION = YES;
				CLANG_WARN_COMMA = YES;
				CLANG_WARN_CONSTANT_CONVERSION = YES;
				CLANG_WARN_DEPRECATED_OBJC_IMPLEMENTATIONS = YES;
				CLANG_WARN_DIRECT_OBJC_ISA_USAGE = YES_ERROR;
				CLANG_WARN_DOCUMENTATION_COMMENTS = YES;
				CLANG_WARN_EMPTY_BODY = YES;
				CLANG_WARN_ENUM_CONVERSION = YES;
				CLANG_WARN_INFINITE_RECURSION = YES;
				CLANG_WARN_INT_CONVERSION = YES;
				CLANG_WARN_NON_LITERAL_NULL_CONVERSION = YES;
				CLANG_WARN_OBJC_IMPLICIT_RETAIN_SELF = YES;
				CLANG_WARN_OBJC_LITERAL_CONVERSION = YES;
				CLANG_WARN_OBJC_ROOT_CLASS = YES_ERROR;
				CLANG_WARN_QUOTED_INCLUDE_IN_FRAMEWORK_HEADER = YES;
				CLANG_WARN_RANGE_LOOP_ANALYSIS = YES;
				CLANG_WARN_STRICT_PROTOTYPES = YES;
				CLANG_WARN_SUSPICIOUS_MOVE = YES;
				CLANG_WARN_UNGUARDED_AVAILABILITY = YES_AGGRESSIVE;
				CLANG_WARN_UNREACHABLE_CODE = YES;
				CLANG_WARN__DUPLICATE_METHOD_MATCH = YES;
				COPY_PHASE_STRIP = NO;
				DEBUG_INFORMATION_FORMAT = dwarf;
				ENABLE_STRICT_OBJC_MSGSEND = YES;
				ENABLE_TESTABILITY = YES;
				ENABLE_USER_SCRIPT_SANDBOXING = YES;
				GCC_C_LANGUAGE_STANDARD = gnu17;
				GCC_DYNAMIC_NO_PIC = NO;
				GCC_NO_COMMON_BLOCKS = YES;
				GCC_OPTIMIZATION_LEVEL = 0;
				GCC_PREPROCESSOR_DEFINITIONS = (
					"DEBUG=1",
					"$(inherited)",
				);
				GCC_WARN_64_TO_32_BIT_CONVERSION = YES;
				GCC_WARN_ABOUT_RETURN_TYPE = YES_ERROR;
				GCC_WARN_UNDECLARED_SELECTOR = YES;
				GCC_WARN_UNINITIALIZED_AUTOS = YES_AGGRESSIVE;
				GCC_WARN_UNUSED_FUNCTION = YES;
				GCC_WARN_UNUSED_VARIABLE = YES;
				LOCALIZATION_PREFERS_STRING_CATALOGS = YES;
				MTL_ENABLE_DEBUG_INFO = INCLUDE_SOURCE;
				MTL_FAST_MATH = YES;
				ONLY_ACTIVE_ARCH = YES;
				SWIFT_ACTIVE_COMPILATION_CONDITIONS = "DEBUG $(inherited)";
				SWIFT_OPTIMIZATION_LEVEL = "-Onone";
			};
			name = Debug;
		};
		7809BA0E2CCF859200D089BF /* Release */ = {
			isa = XCBuildConfiguration;
			buildSettings = {
				ALWAYS_SEARCH_USER_PATHS = NO;
				ASSETCATALOG_COMPILER_GENERATE_SWIFT_ASSET_SYMBOL_EXTENSIONS = YES;
				CLANG_ANALYZER_NONNULL = YES;
				CLANG_ANALYZER_NUMBER_OBJECT_CONVERSION = YES_AGGRESSIVE;
				CLANG_CXX_LANGUAGE_STANDARD = "gnu++20";
				CLANG_ENABLE_MODULES = YES;
				CLANG_ENABLE_OBJC_ARC = YES;
				CLANG_ENABLE_OBJC_WEAK = YES;
				CLANG_WARN_BLOCK_CAPTURE_AUTORELEASING = YES;
				CLANG_WARN_BOOL_CONVERSION = YES;
				CLANG_WARN_COMMA = YES;
				CLANG_WARN_CONSTANT_CONVERSION = YES;
				CLANG_WARN_DEPRECATED_OBJC_IMPLEMENTATIONS = YES;
				CLANG_WARN_DIRECT_OBJC_ISA_USAGE = YES_ERROR;
				CLANG_WARN_DOCUMENTATION_COMMENTS = YES;
				CLANG_WARN_EMPTY_BODY = YES;
				CLANG_WARN_ENUM_CONVERSION = YES;
				CLANG_WARN_INFINITE_RECURSION = YES;
				CLANG_WARN_INT_CONVERSION = YES;
				CLANG_WARN_NON_LITERAL_NULL_CONVERSION = YES;
				CLANG_WARN_OBJC_IMPLICIT_RETAIN_SELF = YES;
				CLANG_WARN_OBJC_LITERAL_CONVERSION = YES;
				CLANG_WARN_OBJC_ROOT_CLASS = YES_ERROR;
				CLANG_WARN_QUOTED_INCLUDE_IN_FRAMEWORK_HEADER = YES;
				CLANG_WARN_RANGE_LOOP_ANALYSIS = YES;
				CLANG_WARN_STRICT_PROTOTYPES = YES;
				CLANG_WARN_SUSPICIOUS_MOVE = YES;
				CLANG_WARN_UNGUARDED_AVAILABILITY = YES_AGGRESSIVE;
				CLANG_WARN_UNREACHABLE_CODE = YES;
				CLANG_WARN__DUPLICATE_METHOD_MATCH = YES;
				COPY_PHASE_STRIP = NO;
				DEBUG_INFORMATION_FORMAT = "dwarf-with-dsym";
				ENABLE_NS_ASSERTIONS = NO;
				ENABLE_STRICT_OBJC_MSGSEND = YES;
				ENABLE_USER_SCRIPT_SANDBOXING = YES;
				GCC_C_LANGUAGE_STANDARD = gnu17;
				GCC_NO_COMMON_BLOCKS = YES;
				GCC_WARN_64_TO_32_BIT_CONVERSION = YES;
				GCC_WARN_ABOUT_RETURN_TYPE = YES_ERROR;
				GCC_WARN_UNDECLARED_SELECTOR = YES;
				GCC_WARN_UNINITIALIZED_AUTOS = YES_AGGRESSIVE;
				GCC_WARN_UNUSED_FUNCTION = YES;
				GCC_WARN_UNUSED_VARIABLE = YES;
				LOCALIZATION_PREFERS_STRING_CATALOGS = YES;
				MTL_ENABLE_DEBUG_INFO = NO;
				MTL_FAST_MATH = YES;
				SWIFT_COMPILATION_MODE = wholemodule;
			};
			name = Release;
		};
		7809BA102CCF859200D089BF /* Debug */ = {
			isa = XCBuildConfiguration;
			buildSettings = {
				ASSETCATALOG_COMPILER_APPICON_NAME = AppIcon;
				ASSETCATALOG_COMPILER_GLOBAL_ACCENT_COLOR_NAME = AccentColor;
				CODE_SIGN_ENTITLEMENTS = App1036/App1036.entitlements;
				CODE_SIGN_STYLE = Automatic;
				CURRENT_PROJECT_VERSION = 1;
				DEVELOPMENT_ASSET_PATHS = "\"App1036/Preview Content\"";
				ENABLE_PREVIEWS = YES;
				GENERATE_INFOPLIST_FILE = YES;
				INFOPLIST_KEY_CFBundleDisplayName = "Pins-up";
				"INFOPLIST_KEY_UIApplicationSceneManifest_Generation[sdk=iphoneos*]" = YES;
				"INFOPLIST_KEY_UIApplicationSceneManifest_Generation[sdk=iphonesimulator*]" = YES;
				"INFOPLIST_KEY_UIApplicationSupportsIndirectInputEvents[sdk=iphoneos*]" = YES;
				"INFOPLIST_KEY_UIApplicationSupportsIndirectInputEvents[sdk=iphonesimulator*]" = YES;
				"INFOPLIST_KEY_UILaunchScreen_Generation[sdk=iphoneos*]" = YES;
				"INFOPLIST_KEY_UILaunchScreen_Generation[sdk=iphonesimulator*]" = YES;
				INFOPLIST_KEY_UILaunchStoryboardName = "Launch Screen.storyboard";
				"INFOPLIST_KEY_UIStatusBarStyle[sdk=iphoneos*]" = UIStatusBarStyleDefault;
				"INFOPLIST_KEY_UIStatusBarStyle[sdk=iphonesimulator*]" = UIStatusBarStyleDefault;
				INFOPLIST_KEY_UISupportedInterfaceOrientations = UIInterfaceOrientationPortrait;
				INFOPLIST_KEY_UISupportedInterfaceOrientations_iPad = "UIInterfaceOrientationLandscapeLeft UIInterfaceOrientationLandscapeRight UIInterfaceOrientationPortrait UIInterfaceOrientationPortraitUpsideDown";
				IPHONEOS_DEPLOYMENT_TARGET = 14.0;
				LD_RUNPATH_SEARCH_PATHS = "@executable_path/Frameworks";
				"LD_RUNPATH_SEARCH_PATHS[sdk=macosx*]" = "@executable_path/../Frameworks";
				MACOSX_DEPLOYMENT_TARGET = 14.1;
				MARKETING_VERSION = 1.4;
				PRODUCT_BUNDLE_IDENTIFIER = IOI.App1036;
				PRODUCT_NAME = "$(TARGET_NAME)";
				SDKROOT = auto;
				SUPPORTED_PLATFORMS = "iphoneos iphonesimulator";
				SUPPORTS_MACCATALYST = NO;
				SWIFT_EMIT_LOC_STRINGS = YES;
				SWIFT_VERSION = 5.0;
				TARGETED_DEVICE_FAMILY = 1;
			};
			name = Debug;
		};
		7809BA112CCF859200D089BF /* Release */ = {
			isa = XCBuildConfiguration;
			buildSettings = {
				ASSETCATALOG_COMPILER_APPICON_NAME = AppIcon;
				ASSETCATALOG_COMPILER_GLOBAL_ACCENT_COLOR_NAME = AccentColor;
				CODE_SIGN_ENTITLEMENTS = App1036/App1036.entitlements;
				CODE_SIGN_STYLE = Automatic;
				CURRENT_PROJECT_VERSION = 1;
				DEVELOPMENT_ASSET_PATHS = "\"App1036/Preview Content\"";
				ENABLE_PREVIEWS = YES;
				GENERATE_INFOPLIST_FILE = YES;
				INFOPLIST_KEY_CFBundleDisplayName = "Pins-up";
				"INFOPLIST_KEY_UIApplicationSceneManifest_Generation[sdk=iphoneos*]" = YES;
				"INFOPLIST_KEY_UIApplicationSceneManifest_Generation[sdk=iphonesimulator*]" = YES;
				"INFOPLIST_KEY_UIApplicationSupportsIndirectInputEvents[sdk=iphoneos*]" = YES;
				"INFOPLIST_KEY_UIApplicationSupportsIndirectInputEvents[sdk=iphonesimulator*]" = YES;
				"INFOPLIST_KEY_UILaunchScreen_Generation[sdk=iphoneos*]" = YES;
				"INFOPLIST_KEY_UILaunchScreen_Generation[sdk=iphonesimulator*]" = YES;
				INFOPLIST_KEY_UILaunchStoryboardName = "Launch Screen.storyboard";
				"INFOPLIST_KEY_UIStatusBarStyle[sdk=iphoneos*]" = UIStatusBarStyleDefault;
				"INFOPLIST_KEY_UIStatusBarStyle[sdk=iphonesimulator*]" = UIStatusBarStyleDefault;
				INFOPLIST_KEY_UISupportedInterfaceOrientations = UIInterfaceOrientationPortrait;
				INFOPLIST_KEY_UISupportedInterfaceOrientations_iPad = "UIInterfaceOrientationLandscapeLeft UIInterfaceOrientationLandscapeRight UIInterfaceOrientationPortrait UIInterfaceOrientationPortraitUpsideDown";
				IPHONEOS_DEPLOYMENT_TARGET = 14.0;
				LD_RUNPATH_SEARCH_PATHS = "@executable_path/Frameworks";
				"LD_RUNPATH_SEARCH_PATHS[sdk=macosx*]" = "@executable_path/../Frameworks";
				MACOSX_DEPLOYMENT_TARGET = 14.1;
				MARKETING_VERSION = 1.4;
				PRODUCT_BUNDLE_IDENTIFIER = IOI.App1036;
				PRODUCT_NAME = "$(TARGET_NAME)";
				SDKROOT = auto;
				SUPPORTED_PLATFORMS = "iphoneos iphonesimulator";
				SUPPORTS_MACCATALYST = NO;
				SWIFT_EMIT_LOC_STRINGS = YES;
				SWIFT_VERSION = 5.0;
				TARGETED_DEVICE_FAMILY = 1;
			};
			name = Release;
		};
/* End XCBuildConfiguration section */

/* Begin XCConfigurationList section */
		7809B9FB2CCF859000D089BF /* Build configuration list for PBXProject "App1036" */ = {
			isa = XCConfigurationList;
			buildConfigurations = (
				7809BA0D2CCF859200D089BF /* Debug */,
				7809BA0E2CCF859200D089BF /* Release */,
			);
			defaultConfigurationIsVisible = 0;
			defaultConfigurationName = Release;
		};
		7809BA0F2CCF859200D089BF /* Build configuration list for PBXNativeTarget "App1036" */ = {
			isa = XCConfigurationList;
			buildConfigurations = (
				7809BA102CCF859200D089BF /* Debug */,
				7809BA112CCF859200D089BF /* Release */,
			);
			defaultConfigurationIsVisible = 0;
			defaultConfigurationName = Release;
		};
/* End XCConfigurationList section */

/* Begin XCVersionGroup section */
		7809BA3E2CCFA8DC00D089BF /* CoreModel.xcdatamodeld */ = {
			isa = XCVersionGroup;
			children = (
				7809BA3F2CCFA8DC00D089BF /* CoreModel.xcdatamodel */,
			);
			currentVersion = 7809BA3F2CCFA8DC00D089BF /* CoreModel.xcdatamodel */;
			name = CoreModel.xcdatamodeld;
			path = /Users/igor/Documents/Applications/App1036/App1036/All/Extensions/CoreModel.xcdatamodeld;
			sourceTree = "<group>";
			versionGroupType = wrapper.xcdatamodel;
		};
/* End XCVersionGroup section */
	};
	rootObject = 7809B9F82CCF859000D089BF /* Project object */;
}
